// !$*UTF8*$!
{
	archiveVersion = 1;
	classes = {
	};
	objectVersion = 50;
	objects = {

/* Begin PBXBuildFile section */
		FB94E0A224BA17F40080718F /* AppDelegate.swift in Sources */ = {isa = PBXBuildFile; fileRef = FB94E0A124BA17F40080718F /* AppDelegate.swift */; };
		FB94E0A424BA17F40080718F /* SceneDelegate.swift in Sources */ = {isa = PBXBuildFile; fileRef = FB94E0A324BA17F40080718F /* SceneDelegate.swift */; };
		FB94E0A624BA17F40080718F /* ViewController.swift in Sources */ = {isa = PBXBuildFile; fileRef = FB94E0A524BA17F40080718F /* ViewController.swift */; };
		FB94E0A924BA17F40080718F /* Main.storyboard in Resources */ = {isa = PBXBuildFile; fileRef = FB94E0A724BA17F40080718F /* Main.storyboard */; };
		FB94E0AB24BA17F50080718F /* Assets.xcassets in Resources */ = {isa = PBXBuildFile; fileRef = FB94E0AA24BA17F50080718F /* Assets.xcassets */; };
		FB94E0AE24BA17F50080718F /* LaunchScreen.storyboard in Resources */ = {isa = PBXBuildFile; fileRef = FB94E0AC24BA17F50080718F /* LaunchScreen.storyboard */; };
/* End PBXBuildFile section */

/* Begin PBXFileReference section */
		FB94E09E24BA17F40080718F /* OspreyDemo.app */ = {isa = PBXFileReference; explicitFileType = wrapper.application; includeInIndex = 0; path = OspreyDemo.app; sourceTree = BUILT_PRODUCTS_DIR; };
		FB94E0A124BA17F40080718F /* AppDelegate.swift */ = {isa = PBXFileReference; lastKnownFileType = sourcecode.swift; path = AppDelegate.swift; sourceTree = "<group>"; };
		FB94E0A324BA17F40080718F /* SceneDelegate.swift */ = {isa = PBXFileReference; lastKnownFileType = sourcecode.swift; path = SceneDelegate.swift; sourceTree = "<group>"; };
		FB94E0A524BA17F40080718F /* ViewController.swift */ = {isa = PBXFileReference; lastKnownFileType = sourcecode.swift; path = ViewController.swift; sourceTree = "<group>"; };
		FB94E0A824BA17F40080718F /* Base */ = {isa = PBXFileReference; lastKnownFileType = file.storyboard; name = Base; path = Base.lproj/Main.storyboard; sourceTree = "<group>"; };
		FB94E0AA24BA17F50080718F /* Assets.xcassets */ = {isa = PBXFileReference; lastKnownFileType = folder.assetcatalog; path = Assets.xcassets; sourceTree = "<group>"; };
		FB94E0AD24BA17F50080718F /* Base */ = {isa = PBXFileReference; lastKnownFileType = file.storyboard; name = Base; path = Base.lproj/LaunchScreen.storyboard; sourceTree = "<group>"; };
		FB94E0AF24BA17F50080718F /* Info.plist */ = {isa = PBXFileReference; lastKnownFileType = text.plist.xml; path = Info.plist; sourceTree = "<group>"; };
/* End PBXFileReference section */

/* Begin PBXFrameworksBuildPhase section */
		FB94E09B24BA17F40080718F /* Frameworks */ = {
			isa = PBXFrameworksBuildPhase;
			buildActionMask = 2147483647;
			files = (
			);
			runOnlyForDeploymentPostprocessing = 0;
		};
/* End PBXFrameworksBuildPhase section */

/* Begin PBXGroup section */
		FB94E09524BA17F40080718F = {
			isa = PBXGroup;
			children = (
				FB94E0A024BA17F40080718F /* OspreyDemo */,
				FB94E09F24BA17F40080718F /* Products */,
			);
			sourceTree = "<group>";
		};
		FB94E09F24BA17F40080718F /* Products */ = {
			isa = PBXGroup;
			children = (
				FB94E09E24BA17F40080718F /* OspreyDemo.app */,
			);
			name = Products;
			sourceTree = "<group>";
		};
		FB94E0A024BA17F40080718F /* OspreyDemo */ = {
			isa = PBXGroup;
			children = (
				FB94E0A124BA17F40080718F /* AppDelegate.swift */,
				FB94E0A324BA17F40080718F /* SceneDelegate.swift */,
				FB94E0A524BA17F40080718F /* ViewController.swift */,
				FB94E0A724BA17F40080718F /* Main.storyboard */,
				FB94E0AA24BA17F50080718F /* Assets.xcassets */,
				FB94E0AC24BA17F50080718F /* LaunchScreen.storyboard */,
				FB94E0AF24BA17F50080718F /* Info.plist */,
			);
			path = OspreyDemo;
			sourceTree = "<group>";
		};
/* End PBXGroup section */

/* Begin PBXNativeTarget section */
		FB94E09D24BA17F40080718F /* OspreyDemo */ = {
			isa = PBXNativeTarget;
			buildConfigurationList = FB94E0B224BA17F50080718F /* Build configuration list for PBXNativeTarget "OspreyDemo" */;
			buildPhases = (
				FB94E09A24BA17F40080718F /* Sources */,
				FB94E09B24BA17F40080718F /* Frameworks */,
				FB94E09C24BA17F40080718F /* Resources */,
			);
			buildRules = (
			);
			dependencies = (
			);
			name = OspreyDemo;
			productName = OspreyDemo;
			productReference = FB94E09E24BA17F40080718F /* OspreyDemo.app */;
			productType = "com.apple.product-type.application";
		};
/* End PBXNativeTarget section */

/* Begin PBXProject section */
		FB94E09624BA17F40080718F /* Project object */ = {
			isa = PBXProject;
			attributes = {
				LastSwiftUpdateCheck = 1150;
				LastUpgradeCheck = 1150;
				ORGANIZATIONNAME = "Rob Timpone";
				TargetAttributes = {
					FB94E09D24BA17F40080718F = {
						CreatedOnToolsVersion = 11.5;
					};
				};
			};
			buildConfigurationList = FB94E09924BA17F40080718F /* Build configuration list for PBXProject "OspreyDemo" */;
			compatibilityVersion = "Xcode 9.3";
			developmentRegion = en;
			hasScannedForEncodings = 0;
			knownRegions = (
				en,
				Base,
			);
			mainGroup = FB94E09524BA17F40080718F;
			productRefGroup = FB94E09F24BA17F40080718F /* Products */;
			projectDirPath = "";
			projectRoot = "";
			targets = (
				FB94E09D24BA17F40080718F /* OspreyDemo */,
			);
		};
/* End PBXProject section */

/* Begin PBXResourcesBuildPhase section */
		FB94E09C24BA17F40080718F /* Resources */ = {
			isa = PBXResourcesBuildPhase;
			buildActionMask = 2147483647;
			files = (
				FB94E0AE24BA17F50080718F /* LaunchScreen.storyboard in Resources */,
				FB94E0AB24BA17F50080718F /* Assets.xcassets in Resources */,
				FB94E0A924BA17F40080718F /* Main.storyboard in Resources */,
			);
			runOnlyForDeploymentPostprocessing = 0;
		};
/* End PBXResourcesBuildPhase section */

/* Begin PBXSourcesBuildPhase section */
		FB94E09A24BA17F40080718F /* Sources */ = {
			isa = PBXSourcesBuildPhase;
			buildActionMask = 2147483647;
			files = (
				FB94E0A624BA17F40080718F /* ViewController.swift in Sources */,
				FB94E0A224BA17F40080718F /* AppDelegate.swift in Sources */,
				FB94E0A424BA17F40080718F /* SceneDelegate.swift in Sources */,
			);
			runOnlyForDeploymentPostprocessing = 0;
		};
/* End PBXSourcesBuildPhase section */

/* Begin PBXVariantGroup section */
		FB94E0A724BA17F40080718F /* Main.storyboard */ = {
			isa = PBXVariantGroup;
			children = (
				FB94E0A824BA17F40080718F /* Base */,
			);
			name = Main.storyboard;
			sourceTree = "<group>";
		};
		FB94E0AC24BA17F50080718F /* LaunchScreen.storyboard */ = {
			isa = PBXVariantGroup;
			children = (
				FB94E0AD24BA17F50080718F /* Base */,
			);
			name = LaunchScreen.storyboard;
			sourceTree = "<group>";
		};
/* End PBXVariantGroup section */

/* Begin XCBuildConfiguration section */
		FB94E0B024BA17F50080718F /* Debug */ = {
			isa = XCBuildConfiguration;
			buildSettings = {
				ALWAYS_SEARCH_USER_PATHS = NO;
				CLANG_ANALYZER_NONNULL = YES;
				CLANG_ANALYZER_NUMBER_OBJECT_CONVERSION = YES_AGGRESSIVE;
				CLANG_CXX_LANGUAGE_STANDARD = "gnu++14";
				CLANG_CXX_LIBRARY = "libc++";
				CLANG_ENABLE_MODULES = YES;
				CLANG_ENABLE_OBJC_ARC = YES;
				CLANG_ENABLE_OBJC_WEAK = YES;
				CLANG_WARN_BLOCK_CAPTURE_AUTORELEASING = YES;
				CLANG_WARN_BOOL_CONVERSION = YES;
				CLANG_WARN_COMMA = YES;
				CLANG_WARN_CONSTANT_CONVERSION = YES;
				CLANG_WARN_DEPRECATED_OBJC_IMPLEMENTATIONS = YES;
				CLANG_WARN_DIRECT_OBJC_ISA_USAGE = YES_ERROR;
				CLANG_WARN_DOCUMENTATION_COMMENTS = YES;
				CLANG_WARN_EMPTY_BODY = YES;
				CLANG_WARN_ENUM_CONVERSION = YES;
				CLANG_WARN_INFINITE_RECURSION = YES;
				CLANG_WARN_INT_CONVERSION = YES;
				CLANG_WARN_NON_LITERAL_NULL_CONVERSION = YES;
				CLANG_WARN_OBJC_IMPLICIT_RETAIN_SELF = YES;
				CLANG_WARN_OBJC_LITERAL_CONVERSION = YES;
				CLANG_WARN_OBJC_ROOT_CLASS = YES_ERROR;
				CLANG_WARN_RANGE_LOOP_ANALYSIS = YES;
				CLANG_WARN_STRICT_PROTOTYPES = YES;
				CLANG_WARN_SUSPICIOUS_MOVE = YES;
				CLANG_WARN_UNGUARDED_AVAILABILITY = YES_AGGRESSIVE;
				CLANG_WARN_UNREACHABLE_CODE = YES;
				CLANG_WARN__DUPLICATE_METHOD_MATCH = YES;
				COPY_PHASE_STRIP = NO;
				DEBUG_INFORMATION_FORMAT = dwarf;
				ENABLE_STRICT_OBJC_MSGSEND = YES;
				ENABLE_TESTABILITY = YES;
				GCC_C_LANGUAGE_STANDARD = gnu11;
				GCC_DYNAMIC_NO_PIC = NO;
				GCC_NO_COMMON_BLOCKS = YES;
				GCC_OPTIMIZATION_LEVEL = 0;
				GCC_PREPROCESSOR_DEFINITIONS = (
					"DEBUG=1",
					"$(inherited)",
				);
				GCC_WARN_64_TO_32_BIT_CONVERSION = YES;
				GCC_WARN_ABOUT_RETURN_TYPE = YES_ERROR;
				GCC_WARN_UNDECLARED_SELECTOR = YES;
				GCC_WARN_UNINITIALIZED_AUTOS = YES_AGGRESSIVE;
				GCC_WARN_UNUSED_FUNCTION = YES;
				GCC_WARN_UNUSED_VARIABLE = YES;
				IPHONEOS_DEPLOYMENT_TARGET = 13.5;
				MTL_ENABLE_DEBUG_INFO = INCLUDE_SOURCE;
				MTL_FAST_MATH = YES;
				ONLY_ACTIVE_ARCH = YES;
				SDKROOT = iphoneos;
				SWIFT_ACTIVE_COMPILATION_CONDITIONS = DEBUG;
				SWIFT_OPTIMIZATION_LEVEL = "-Onone";
			};
			name = Debug;
		};
		FB94E0B124BA17F50080718F /* Release */ = {
			isa = XCBuildConfiguration;
			buildSettings = {
				ALWAYS_SEARCH_USER_PATHS = NO;
				CLANG_ANALYZER_NONNULL = YES;
				CLANG_ANALYZER_NUMBER_OBJECT_CONVERSION = YES_AGGRESSIVE;
				CLANG_CXX_LANGUAGE_STANDARD = "gnu++14";
				CLANG_CXX_LIBRARY = "libc++";
				CLANG_ENABLE_MODULES = YES;
				CLANG_ENABLE_OBJC_ARC = YES;
				CLANG_ENABLE_OBJC_WEAK = YES;
				CLANG_WARN_BLOCK_CAPTURE_AUTORELEASING = YES;
				CLANG_WARN_BOOL_CONVERSION = YES;
				CLANG_WARN_COMMA = YES;
				CLANG_WARN_CONSTANT_CONVERSION = YES;
				CLANG_WARN_DEPRECATED_OBJC_IMPLEMENTATIONS = YES;
				CLANG_WARN_DIRECT_OBJC_ISA_USAGE = YES_ERROR;
				CLANG_WARN_DOCUMENTATION_COMMENTS = YES;
				CLANG_WARN_EMPTY_BODY = YES;
				CLANG_WARN_ENUM_CONVERSION = YES;
				CLANG_WARN_INFINITE_RECURSION = YES;
				CLANG_WARN_INT_CONVERSION = YES;
				CLANG_WARN_NON_LITERAL_NULL_CONVERSION = YES;
				CLANG_WARN_OBJC_IMPLICIT_RETAIN_SELF = YES;
				CLANG_WARN_OBJC_LITERAL_CONVERSION = YES;
				CLANG_WARN_OBJC_ROOT_CLASS = YES_ERROR;
				CLANG_WARN_RANGE_LOOP_ANALYSIS = YES;
				CLANG_WARN_STRICT_PROTOTYPES = YES;
				CLANG_WARN_SUSPICIOUS_MOVE = YES;
				CLANG_WARN_UNGUARDED_AVAILABILITY = YES_AGGRESSIVE;
				CLANG_WARN_UNREACHABLE_CODE = YES;
				CLANG_WARN__DUPLICATE_METHOD_MATCH = YES;
				COPY_PHASE_STRIP = NO;
				DEBUG_INFORMATION_FORMAT = "dwarf-with-dsym";
				ENABLE_NS_ASSERTIONS = NO;
				ENABLE_STRICT_OBJC_MSGSEND = YES;
				GCC_C_LANGUAGE_STANDARD = gnu11;
				GCC_NO_COMMON_BLOCKS = YES;
				GCC_WARN_64_TO_32_BIT_CONVERSION = YES;
				GCC_WARN_ABOUT_RETURN_TYPE = YES_ERROR;
				GCC_WARN_UNDECLARED_SELECTOR = YES;
				GCC_WARN_UNINITIALIZED_AUTOS = YES_AGGRESSIVE;
				GCC_WARN_UNUSED_FUNCTION = YES;
				GCC_WARN_UNUSED_VARIABLE = YES;
				IPHONEOS_DEPLOYMENT_TARGET = 13.5;
				MTL_ENABLE_DEBUG_INFO = NO;
				MTL_FAST_MATH = YES;
				SDKROOT = iphoneos;
				SWIFT_COMPILATION_MODE = wholemodule;
				SWIFT_OPTIMIZATION_LEVEL = "-O";
				VALIDATE_PRODUCT = YES;
			};
			name = Release;
		};
		FB94E0B324BA17F50080718F /* Debug */ = {
			isa = XCBuildConfiguration;
			buildSettings = {
				ASSETCATALOG_COMPILER_APPICON_NAME = AppIcon;
				CODE_SIGN_STYLE = Automatic;
				DEVELOPMENT_TEAM = LN89VM2ZZV;
				INFOPLIST_FILE = OspreyDemo/Info.plist;
				LD_RUNPATH_SEARCH_PATHS = (
					"$(inherited)",
					"@executable_path/Frameworks",
				);
				PRODUCT_BUNDLE_IDENTIFIER = com.robtimpone.OspreyDemo;
				PRODUCT_NAME = "$(TARGET_NAME)";
				SWIFT_VERSION = 5.0;
				TARGETED_DEVICE_FAMILY = "1,2";
			};
			name = Debug;
		};
		FB94E0B424BA17F50080718F /* Release */ = {
			isa = XCBuildConfiguration;
			buildSettings = {
				ASSETCATALOG_COMPILER_APPICON_NAME = AppIcon;
				CODE_SIGN_STYLE = Automatic;
				DEVELOPMENT_TEAM = LN89VM2ZZV;
				INFOPLIST_FILE = OspreyDemo/Info.plist;
				LD_RUNPATH_SEARCH_PATHS = (
					"$(inherited)",
					"@executable_path/Frameworks",
				);
				PRODUCT_BUNDLE_IDENTIFIER = com.robtimpone.OspreyDemo;
				PRODUCT_NAME = "$(TARGET_NAME)";
				SWIFT_VERSION = 5.0;
				TARGETED_DEVICE_FAMILY = "1,2";
			};
			name = Release;
		};
/* End XCBuildConfiguration section */

/* Begin XCConfigurationList section */
		FB94E09924BA17F40080718F /* Build configuration list for PBXProject "OspreyDemo" */ = {
			isa = XCConfigurationList;
			buildConfigurations = (
				FB94E0B024BA17F50080718F /* Debug */,
				FB94E0B124BA17F50080718F /* Release */,
			);
			defaultConfigurationIsVisible = 0;
			defaultConfigurationName = Release;
		};
		FB94E0B224BA17F50080718F /* Build configuration list for PBXNativeTarget "OspreyDemo" */ = {
			isa = XCConfigurationList;
			buildConfigurations = (
				FB94E0B324BA17F50080718F /* Debug */,
				FB94E0B424BA17F50080718F /* Release */,
			);
			defaultConfigurationIsVisible = 0;
			defaultConfigurationName = Release;
		};
/* End XCConfigurationList section */
	};
	rootObject = FB94E09624BA17F40080718F /* Project object */;
}
